
Microsoft Visual Studio Solution File, Format Version 12.00
# Visual Studio Version 16
VisualStudioVersion = 16.0.30011.22
MinimumVisualStudioVersion = 10.0.40219.1
Project("{FAE04EC0-301F-11D3-BF4B-00C04F79EFBC}") = "SingleInheritance", "Inheritance\SingleInheritance.csproj", "{7FA4DD41-0C09-484E-A9F0-46E59FB75FC9}"
EndProject
Project("{FAE04EC0-301F-11D3-BF4B-00C04F79EFBC}") = "MultipleInheritance", "MultipleInheritance\MultipleInheritance.csproj", "{C8950D6C-27FE-4826-83AF-DBA6BAE77644}"
EndProject
Project("{FAE04EC0-301F-11D3-BF4B-00C04F79EFBC}") = "HeirachialInheritance", "HeirachialInheritance\HeirachialInheritance.csproj", "{361FA24E-BE23-4D46-9FEA-8D0E716AE818}"
EndProject
Project("{FAE04EC0-301F-11D3-BF4B-00C04F79EFBC}") = "RandomList", "RandomList\RandomList.csproj", "{4A04BAE3-F125-4BF2-8BC9-6539408B4653}"
EndProject
Project("{FAE04EC0-301F-11D3-BF4B-00C04F79EFBC}") = "StackOfString", "StackOfString\StackOfString.csproj", "{78ABB620-6F65-49B9-8217-53E4FFD3771A}"
EndProject
Global
	GlobalSection(SolutionConfigurationPlatforms) = preSolution
		Debug|Any CPU = Debug|Any CPU
		Release|Any CPU = Release|Any CPU
	EndGlobalSection
	GlobalSection(ProjectConfigurationPlatforms) = postSolution
		{7FA4DD41-0C09-484E-A9F0-46E59FB75FC9}.Debug|Any CPU.ActiveCfg = Debug|Any CPU
		{7FA4DD41-0C09-484E-A9F0-46E59FB75FC9}.Debug|Any CPU.Build.0 = Debug|Any CPU
		{7FA4DD41-0C09-484E-A9F0-46E59FB75FC9}.Release|Any CPU.ActiveCfg = Release|Any CPU
		{7FA4DD41-0C09-484E-A9F0-46E59FB75FC9}.Release|Any CPU.Build.0 = Release|Any CPU
		{C8950D6C-27FE-4826-83AF-DBA6BAE77644}.Debug|Any CPU.ActiveCfg = Debug|Any CPU
		{C8950D6C-27FE-4826-83AF-DBA6BAE77644}.Debug|Any CPU.Build.0 = Debug|Any CPU
		{C8950D6C-27FE-4826-83AF-DBA6BAE77644}.Release|Any CPU.ActiveCfg = Release|Any CPU
		{C8950D6C-27FE-4826-83AF-DBA6BAE77644}.Release|Any CPU.Build.0 = Release|Any CPU
		{361FA24E-BE23-4D46-9FEA-8D0E716AE818}.Debug|Any CPU.ActiveCfg = Debug|Any CPU
		{361FA24E-BE23-4D46-9FEA-8D0E716AE818}.Debug|Any CPU.Build.0 = Debug|Any CPU
		{361FA24E-BE23-4D46-9FEA-8D0E716AE818}.Release|Any CPU.ActiveCfg = Release|Any CPU
		{361FA24E-BE23-4D46-9FEA-8D0E716AE818}.Release|Any CPU.Build.0 = Release|Any CPU
		{4A04BAE3-F125-4BF2-8BC9-6539408B4653}.Debug|Any CPU.ActiveCfg = Debug|Any CPU
		{4A04BAE3-F125-4BF2-8BC9-6539408B4653}.Debug|Any CPU.Build.0 = Debug|Any CPU
		{4A04BAE3-F125-4BF2-8BC9-6539408B4653}.Release|Any CPU.ActiveCfg = Release|Any CPU
		{4A04BAE3-F125-4BF2-8BC9-6539408B4653}.Release|Any CPU.Build.0 = Release|Any CPU
		{78ABB620-6F65-49B9-8217-53E4FFD3771A}.Debug|Any CPU.ActiveCfg = Debug|Any CPU
		{78ABB620-6F65-49B9-8217-53E4FFD3771A}.Debug|Any CPU.Build.0 = Debug|Any CPU
		{78ABB620-6F65-49B9-8217-53E4FFD3771A}.Release|Any CPU.ActiveCfg = Release|Any CPU
		{78ABB620-6F65-49B9-8217-53E4FFD3771A}.Release|Any CPU.Build.0 = Release|Any CPU
	EndGlobalSection
	GlobalSection(SolutionProperties) = preSolution
		HideSolutionNode = FALSE
	EndGlobalSection
	GlobalSection(ExtensibilityGlobals) = postSolution
		SolutionGuid = {756ED9D5-4B8D-49AC-AC2B-D566BDB808DD}
	EndGlobalSection
EndGlobal
